// !$*UTF8*$!
{
	archiveVersion = 1;
	classes = {
	};
	objectVersion = 55;
	objects = {

/* Begin PBXBuildFile section */
		393B5703814F5F0F88629460 /* Pods_MendozaSnapchat.framework in Frameworks */ = {isa = PBXBuildFile; fileRef = D17DA58575D6960E2B55C3C2 /* Pods_MendozaSnapchat.framework */; };
		B7F07FF52BFBFBB5009DDC1F /* AppDelegate.swift in Sources */ = {isa = PBXBuildFile; fileRef = B7F07FF42BFBFBB5009DDC1F /* AppDelegate.swift */; };
		B7F07FF72BFBFBB5009DDC1F /* SceneDelegate.swift in Sources */ = {isa = PBXBuildFile; fileRef = B7F07FF62BFBFBB5009DDC1F /* SceneDelegate.swift */; };
		B7F07FF92BFBFBB5009DDC1F /* iniciarSesionViewController.swift in Sources */ = {isa = PBXBuildFile; fileRef = B7F07FF82BFBFBB5009DDC1F /* iniciarSesionViewController.swift */; };
		B7F07FFC2BFBFBB5009DDC1F /* Main.storyboard in Resources */ = {isa = PBXBuildFile; fileRef = B7F07FFA2BFBFBB5009DDC1F /* Main.storyboard */; };
		B7F07FFE2BFBFBB6009DDC1F /* Assets.xcassets in Resources */ = {isa = PBXBuildFile; fileRef = B7F07FFD2BFBFBB6009DDC1F /* Assets.xcassets */; };
		B7F080012BFBFBB6009DDC1F /* LaunchScreen.storyboard in Resources */ = {isa = PBXBuildFile; fileRef = B7F07FFF2BFBFBB6009DDC1F /* LaunchScreen.storyboard */; };
		B7F080092BFC0168009DDC1F /* GoogleService-Info.plist in Resources */ = {isa = PBXBuildFile; fileRef = B7F080082BFC0168009DDC1F /* GoogleService-Info.plist */; };
/* End PBXBuildFile section */

/* Begin PBXFileReference section */
		23F71281595BB5A77510328E /* Pods-MendozaSnapchat.debug.xcconfig */ = {isa = PBXFileReference; includeInIndex = 1; lastKnownFileType = text.xcconfig; name = "Pods-MendozaSnapchat.debug.xcconfig"; path = "Target Support Files/Pods-MendozaSnapchat/Pods-MendozaSnapchat.debug.xcconfig"; sourceTree = "<group>"; };
		8C9D96C62B22E690F520B8CC /* Pods-MendozaSnapchat.release.xcconfig */ = {isa = PBXFileReference; includeInIndex = 1; lastKnownFileType = text.xcconfig; name = "Pods-MendozaSnapchat.release.xcconfig"; path = "Target Support Files/Pods-MendozaSnapchat/Pods-MendozaSnapchat.release.xcconfig"; sourceTree = "<group>"; };
		B7F07FF12BFBFBB5009DDC1F /* MendozaSnapchat.app */ = {isa = PBXFileReference; explicitFileType = wrapper.application; includeInIndex = 0; path = MendozaSnapchat.app; sourceTree = BUILT_PRODUCTS_DIR; };
		B7F07FF42BFBFBB5009DDC1F /* AppDelegate.swift */ = {isa = PBXFileReference; lastKnownFileType = sourcecode.swift; path = AppDelegate.swift; sourceTree = "<group>"; };
		B7F07FF62BFBFBB5009DDC1F /* SceneDelegate.swift */ = {isa = PBXFileReference; lastKnownFileType = sourcecode.swift; path = SceneDelegate.swift; sourceTree = "<group>"; };
		B7F07FF82BFBFBB5009DDC1F /* iniciarSesionViewController.swift */ = {isa = PBXFileReference; lastKnownFileType = sourcecode.swift; path = iniciarSesionViewController.swift; sourceTree = "<group>"; };
		B7F07FFB2BFBFBB5009DDC1F /* Base */ = {isa = PBXFileReference; lastKnownFileType = file.storyboard; name = Base; path = Base.lproj/Main.storyboard; sourceTree = "<group>"; };
		B7F07FFD2BFBFBB6009DDC1F /* Assets.xcassets */ = {isa = PBXFileReference; lastKnownFileType = folder.assetcatalog; path = Assets.xcassets; sourceTree = "<group>"; };
		B7F080002BFBFBB6009DDC1F /* Base */ = {isa = PBXFileReference; lastKnownFileType = file.storyboard; name = Base; path = Base.lproj/LaunchScreen.storyboard; sourceTree = "<group>"; };
		B7F080022BFBFBB6009DDC1F /* Info.plist */ = {isa = PBXFileReference; lastKnownFileType = text.plist.xml; path = Info.plist; sourceTree = "<group>"; };
		B7F080082BFC0168009DDC1F /* GoogleService-Info.plist */ = {isa = PBXFileReference; fileEncoding = 4; lastKnownFileType = text.plist.xml; path = "GoogleService-Info.plist"; sourceTree = "<group>"; };
		D17DA58575D6960E2B55C3C2 /* Pods_MendozaSnapchat.framework */ = {isa = PBXFileReference; explicitFileType = wrapper.framework; includeInIndex = 0; path = Pods_MendozaSnapchat.framework; sourceTree = BUILT_PRODUCTS_DIR; };
/* End PBXFileReference section */

/* Begin PBXFrameworksBuildPhase section */
		B7F07FEE2BFBFBB5009DDC1F /* Frameworks */ = {
			isa = PBXFrameworksBuildPhase;
			buildActionMask = 2147483647;
			files = (
				393B5703814F5F0F88629460 /* Pods_MendozaSnapchat.framework in Frameworks */,
			);
			runOnlyForDeploymentPostprocessing = 0;
		};
/* End PBXFrameworksBuildPhase section */

/* Begin PBXGroup section */
		1873BEFF2E92AB5A4527B168 /* Pods */ = {
			isa = PBXGroup;
			children = (
				23F71281595BB5A77510328E /* Pods-MendozaSnapchat.debug.xcconfig */,
				8C9D96C62B22E690F520B8CC /* Pods-MendozaSnapchat.release.xcconfig */,
			);
			path = Pods;
			sourceTree = "<group>";
		};
		1EA910549A0BCC5927A649AC /* Frameworks */ = {
			isa = PBXGroup;
			children = (
				D17DA58575D6960E2B55C3C2 /* Pods_MendozaSnapchat.framework */,
			);
			name = Frameworks;
			sourceTree = "<group>";
		};
		B7F07FE82BFBFBB4009DDC1F = {
			isa = PBXGroup;
			children = (
				B7F07FF32BFBFBB5009DDC1F /* MendozaSnapchat */,
				B7F07FF22BFBFBB5009DDC1F /* Products */,
				1873BEFF2E92AB5A4527B168 /* Pods */,
				1EA910549A0BCC5927A649AC /* Frameworks */,
			);
			sourceTree = "<group>";
		};
		B7F07FF22BFBFBB5009DDC1F /* Products */ = {
			isa = PBXGroup;
			children = (
				B7F07FF12BFBFBB5009DDC1F /* MendozaSnapchat.app */,
			);
			name = Products;
			sourceTree = "<group>";
		};
		B7F07FF32BFBFBB5009DDC1F /* MendozaSnapchat */ = {
			isa = PBXGroup;
			children = (
				B7F080082BFC0168009DDC1F /* GoogleService-Info.plist */,
				B7F07FF42BFBFBB5009DDC1F /* AppDelegate.swift */,
				B7F07FF62BFBFBB5009DDC1F /* SceneDelegate.swift */,
				B7F07FF82BFBFBB5009DDC1F /* iniciarSesionViewController.swift */,
				B7F07FFA2BFBFBB5009DDC1F /* Main.storyboard */,
				B7F07FFD2BFBFBB6009DDC1F /* Assets.xcassets */,
				B7F07FFF2BFBFBB6009DDC1F /* LaunchScreen.storyboard */,
				B7F080022BFBFBB6009DDC1F /* Info.plist */,
			);
			path = MendozaSnapchat;
			sourceTree = "<group>";
		};
/* End PBXGroup section */

/* Begin PBXNativeTarget section */
		B7F07FF02BFBFBB5009DDC1F /* MendozaSnapchat */ = {
			isa = PBXNativeTarget;
			buildConfigurationList = B7F080052BFBFBB6009DDC1F /* Build configuration list for PBXNativeTarget "MendozaSnapchat" */;
			buildPhases = (
				0D286AAD74D4FBB2863E7AF1 /* [CP] Check Pods Manifest.lock */,
				B7F07FED2BFBFBB5009DDC1F /* Sources */,
				B7F07FEE2BFBFBB5009DDC1F /* Frameworks */,
				B7F07FEF2BFBFBB5009DDC1F /* Resources */,
				243F1D4EC6ED16E0F14E2223 /* [CP] Embed Pods Frameworks */,
			);
			buildRules = (
			);
			dependencies = (
			);
			name = MendozaSnapchat;
			productName = MendozaSnapchat;
			productReference = B7F07FF12BFBFBB5009DDC1F /* MendozaSnapchat.app */;
			productType = "com.apple.product-type.application";
		};
/* End PBXNativeTarget section */

/* Begin PBXProject section */
		B7F07FE92BFBFBB4009DDC1F /* Project object */ = {
			isa = PBXProject;
			attributes = {
				BuildIndependentTargetsInParallel = 1;
				LastSwiftUpdateCheck = 1340;
				LastUpgradeCheck = 1340;
				TargetAttributes = {
					B7F07FF02BFBFBB5009DDC1F = {
						CreatedOnToolsVersion = 13.4.1;
					};
				};
			};
			buildConfigurationList = B7F07FEC2BFBFBB4009DDC1F /* Build configuration list for PBXProject "MendozaSnapchat" */;
			compatibilityVersion = "Xcode 13.0";
			developmentRegion = en;
			hasScannedForEncodings = 0;
			knownRegions = (
				en,
				Base,
			);
			mainGroup = B7F07FE82BFBFBB4009DDC1F;
			productRefGroup = B7F07FF22BFBFBB5009DDC1F /* Products */;
			projectDirPath = "";
			projectRoot = "";
			targets = (
				B7F07FF02BFBFBB5009DDC1F /* MendozaSnapchat */,
			);
		};
/* End PBXProject section */

/* Begin PBXResourcesBuildPhase section */
		B7F07FEF2BFBFBB5009DDC1F /* Resources */ = {
			isa = PBXResourcesBuildPhase;
			buildActionMask = 2147483647;
			files = (
				B7F080012BFBFBB6009DDC1F /* LaunchScreen.storyboard in Resources */,
				B7F080092BFC0168009DDC1F /* GoogleService-Info.plist in Resources */,
				B7F07FFE2BFBFBB6009DDC1F /* Assets.xcassets in Resources */,
				B7F07FFC2BFBFBB5009DDC1F /* Main.storyboard in Resources */,
			);
			runOnlyForDeploymentPostprocessing = 0;
		};
/* End PBXResourcesBuildPhase section */

/* Begin PBXShellScriptBuildPhase section */
		0D286AAD74D4FBB2863E7AF1 /* [CP] Check Pods Manifest.lock */ = {
			isa = PBXShellScriptBuildPhase;
			buildActionMask = 2147483647;
			files = (
			);
			inputFileListPaths = (
			);
			inputPaths = (
				"${PODS_PODFILE_DIR_PATH}/Podfile.lock",
				"${PODS_ROOT}/Manifest.lock",
			);
			name = "[CP] Check Pods Manifest.lock";
			outputFileListPaths = (
			);
			outputPaths = (
				"$(DERIVED_FILE_DIR)/Pods-MendozaSnapchat-checkManifestLockResult.txt",
			);
			runOnlyForDeploymentPostprocessing = 0;
			shellPath = /bin/sh;
			shellScript = "diff \"${PODS_PODFILE_DIR_PATH}/Podfile.lock\" \"${PODS_ROOT}/Manifest.lock\" > /dev/null\nif [ $? != 0 ] ; then\n    # print error to STDERR\n    echo \"error: The sandbox is not in sync with the Podfile.lock. Run 'pod install' or update your CocoaPods installation.\" >&2\n    exit 1\nfi\n# This output is used by Xcode 'outputs' to avoid re-running this script phase.\necho \"SUCCESS\" > \"${SCRIPT_OUTPUT_FILE_0}\"\n";
			showEnvVarsInLog = 0;
		};
		243F1D4EC6ED16E0F14E2223 /* [CP] Embed Pods Frameworks */ = {
			isa = PBXShellScriptBuildPhase;
			buildActionMask = 2147483647;
			files = (
			);
			inputFileListPaths = (
				"${PODS_ROOT}/Target Support Files/Pods-MendozaSnapchat/Pods-MendozaSnapchat-frameworks-${CONFIGURATION}-input-files.xcfilelist",
			);
			name = "[CP] Embed Pods Frameworks";
			outputFileListPaths = (
				"${PODS_ROOT}/Target Support Files/Pods-MendozaSnapchat/Pods-MendozaSnapchat-frameworks-${CONFIGURATION}-output-files.xcfilelist",
			);
			runOnlyForDeploymentPostprocessing = 0;
			shellPath = /bin/sh;
			shellScript = "\"${PODS_ROOT}/Target Support Files/Pods-MendozaSnapchat/Pods-MendozaSnapchat-frameworks.sh\"\n";
			showEnvVarsInLog = 0;
		};
/* End PBXShellScriptBuildPhase section */

/* Begin PBXSourcesBuildPhase section */
		B7F07FED2BFBFBB5009DDC1F /* Sources */ = {
			isa = PBXSourcesBuildPhase;
			buildActionMask = 2147483647;
			files = (
				B7F07FF92BFBFBB5009DDC1F /* iniciarSesionViewController.swift in Sources */,
				B7F07FF52BFBFBB5009DDC1F /* AppDelegate.swift in Sources */,
				B7F07FF72BFBFBB5009DDC1F /* SceneDelegate.swift in Sources */,
			);
			runOnlyForDeploymentPostprocessing = 0;
		};
/* End PBXSourcesBuildPhase section */

/* Begin PBXVariantGroup section */
		B7F07FFA2BFBFBB5009DDC1F /* Main.storyboard */ = {
			isa = PBXVariantGroup;
			children = (
				B7F07FFB2BFBFBB5009DDC1F /* Base */,
			);
			name = Main.storyboard;
			sourceTree = "<group>";
		};
		B7F07FFF2BFBFBB6009DDC1F /* LaunchScreen.storyboard */ = {
			isa = PBXVariantGroup;
			children = (
				B7F080002BFBFBB6009DDC1F /* Base */,
			);
			name = LaunchScreen.storyboard;
			sourceTree = "<group>";
		};
/* End PBXVariantGroup section */

/* Begin XCBuildConfiguration section */
		B7F080032BFBFBB6009DDC1F /* Debug */ = {
			isa = XCBuildConfiguration;
			buildSettings = {
				ALWAYS_SEARCH_USER_PATHS = NO;
				CLANG_ANALYZER_NONNULL = YES;
				CLANG_ANALYZER_NUMBER_OBJECT_CONVERSION = YES_AGGRESSIVE;
				CLANG_CXX_LANGUAGE_STANDARD = "gnu++17";
				CLANG_ENABLE_MODULES = YES;
				CLANG_ENABLE_OBJC_ARC = YES;
				CLANG_ENABLE_OBJC_WEAK = YES;
				CLANG_WARN_BLOCK_CAPTURE_AUTORELEASING = YES;
				CLANG_WARN_BOOL_CONVERSION = YES;
				CLANG_WARN_COMMA = YES;
				CLANG_WARN_CONSTANT_CONVERSION = YES;
				CLANG_WARN_DEPRECATED_OBJC_IMPLEMENTATIONS = YES;
				CLANG_WARN_DIRECT_OBJC_ISA_USAGE = YES_ERROR;
				CLANG_WARN_DOCUMENTATION_COMMENTS = YES;
				CLANG_WARN_EMPTY_BODY = YES;
				CLANG_WARN_ENUM_CONVERSION = YES;
				CLANG_WARN_INFINITE_RECURSION = YES;
				CLANG_WARN_INT_CONVERSION = YES;
				CLANG_WARN_NON_LITERAL_NULL_CONVERSION = YES;
				CLANG_WARN_OBJC_IMPLICIT_RETAIN_SELF = YES;
				CLANG_WARN_OBJC_LITERAL_CONVERSION = YES;
				CLANG_WARN_OBJC_ROOT_CLASS = YES_ERROR;
				CLANG_WARN_QUOTED_INCLUDE_IN_FRAMEWORK_HEADER = YES;
				CLANG_WARN_RANGE_LOOP_ANALYSIS = YES;
				CLANG_WARN_STRICT_PROTOTYPES = YES;
				CLANG_WARN_SUSPICIOUS_MOVE = YES;
				CLANG_WARN_UNGUARDED_AVAILABILITY = YES_AGGRESSIVE;
				CLANG_WARN_UNREACHABLE_CODE = YES;
				CLANG_WARN__DUPLICATE_METHOD_MATCH = YES;
				COPY_PHASE_STRIP = NO;
				DEBUG_INFORMATION_FORMAT = dwarf;
				ENABLE_STRICT_OBJC_MSGSEND = YES;
				ENABLE_TESTABILITY = YES;
				GCC_C_LANGUAGE_STANDARD = gnu11;
				GCC_DYNAMIC_NO_PIC = NO;
				GCC_NO_COMMON_BLOCKS = YES;
				GCC_OPTIMIZATION_LEVEL = 0;
				GCC_PREPROCESSOR_DEFINITIONS = (
					"DEBUG=1",
					"$(inherited)",
				);
				GCC_WARN_64_TO_32_BIT_CONVERSION = YES;
				GCC_WARN_ABOUT_RETURN_TYPE = YES_ERROR;
				GCC_WARN_UNDECLARED_SELECTOR = YES;
				GCC_WARN_UNINITIALIZED_AUTOS = YES_AGGRESSIVE;
				GCC_WARN_UNUSED_FUNCTION = YES;
				GCC_WARN_UNUSED_VARIABLE = YES;
				IPHONEOS_DEPLOYMENT_TARGET = 15.5;
				MTL_ENABLE_DEBUG_INFO = INCLUDE_SOURCE;
				MTL_FAST_MATH = YES;
				ONLY_ACTIVE_ARCH = YES;
				SDKROOT = iphoneos;
				SWIFT_ACTIVE_COMPILATION_CONDITIONS = DEBUG;
				SWIFT_OPTIMIZATION_LEVEL = "-Onone";
			};
			name = Debug;
		};
		B7F080042BFBFBB6009DDC1F /* Release */ = {
			isa = XCBuildConfiguration;
			buildSettings = {
				ALWAYS_SEARCH_USER_PATHS = NO;
				CLANG_ANALYZER_NONNULL = YES;
				CLANG_ANALYZER_NUMBER_OBJECT_CONVERSION = YES_AGGRESSIVE;
				CLANG_CXX_LANGUAGE_STANDARD = "gnu++17";
				CLANG_ENABLE_MODULES = YES;
				CLANG_ENABLE_OBJC_ARC = YES;
				CLANG_ENABLE_OBJC_WEAK = YES;
				CLANG_WARN_BLOCK_CAPTURE_AUTORELEASING = YES;
				CLANG_WARN_BOOL_CONVERSION = YES;
				CLANG_WARN_COMMA = YES;
				CLANG_WARN_CONSTANT_CONVERSION = YES;
				CLANG_WARN_DEPRECATED_OBJC_IMPLEMENTATIONS = YES;
				CLANG_WARN_DIRECT_OBJC_ISA_USAGE = YES_ERROR;
				CLANG_WARN_DOCUMENTATION_COMMENTS = YES;
				CLANG_WARN_EMPTY_BODY = YES;
				CLANG_WARN_ENUM_CONVERSION = YES;
				CLANG_WARN_INFINITE_RECURSION = YES;
				CLANG_WARN_INT_CONVERSION = YES;
				CLANG_WARN_NON_LITERAL_NULL_CONVERSION = YES;
				CLANG_WARN_OBJC_IMPLICIT_RETAIN_SELF = YES;
				CLANG_WARN_OBJC_LITERAL_CONVERSION = YES;
				CLANG_WARN_OBJC_ROOT_CLASS = YES_ERROR;
				CLANG_WARN_QUOTED_INCLUDE_IN_FRAMEWORK_HEADER = YES;
				CLANG_WARN_RANGE_LOOP_ANALYSIS = YES;
				CLANG_WARN_STRICT_PROTOTYPES = YES;
				CLANG_WARN_SUSPICIOUS_MOVE = YES;
				CLANG_WARN_UNGUARDED_AVAILABILITY = YES_AGGRESSIVE;
				CLANG_WARN_UNREACHABLE_CODE = YES;
				CLANG_WARN__DUPLICATE_METHOD_MATCH = YES;
				COPY_PHASE_STRIP = NO;
				DEBUG_INFORMATION_FORMAT = "dwarf-with-dsym";
				ENABLE_NS_ASSERTIONS = NO;
				ENABLE_STRICT_OBJC_MSGSEND = YES;
				GCC_C_LANGUAGE_STANDARD = gnu11;
				GCC_NO_COMMON_BLOCKS = YES;
				GCC_WARN_64_TO_32_BIT_CONVERSION = YES;
				GCC_WARN_ABOUT_RETURN_TYPE = YES_ERROR;
				GCC_WARN_UNDECLARED_SELECTOR = YES;
				GCC_WARN_UNINITIALIZED_AUTOS = YES_AGGRESSIVE;
				GCC_WARN_UNUSED_FUNCTION = YES;
				GCC_WARN_UNUSED_VARIABLE = YES;
				IPHONEOS_DEPLOYMENT_TARGET = 15.5;
				MTL_ENABLE_DEBUG_INFO = NO;
				MTL_FAST_MATH = YES;
				SDKROOT = iphoneos;
				SWIFT_COMPILATION_MODE = wholemodule;
				SWIFT_OPTIMIZATION_LEVEL = "-O";
				VALIDATE_PRODUCT = YES;
			};
			name = Release;
		};
		B7F080062BFBFBB6009DDC1F /* Debug */ = {
			isa = XCBuildConfiguration;
			baseConfigurationReference = 23F71281595BB5A77510328E /* Pods-MendozaSnapchat.debug.xcconfig */;
			buildSettings = {
				ASSETCATALOG_COMPILER_APPICON_NAME = AppIcon;
				ASSETCATALOG_COMPILER_GLOBAL_ACCENT_COLOR_NAME = AccentColor;
				CODE_SIGN_STYLE = Automatic;
				CURRENT_PROJECT_VERSION = 1;
				GENERATE_INFOPLIST_FILE = YES;
				INFOPLIST_FILE = MendozaSnapchat/Info.plist;
				INFOPLIST_KEY_UIApplicationSupportsIndirectInputEvents = YES;
				INFOPLIST_KEY_UILaunchStoryboardName = LaunchScreen;
				INFOPLIST_KEY_UIMainStoryboardFile = Main;
				INFOPLIST_KEY_UISupportedInterfaceOrientations_iPad = "UIInterfaceOrientationPortrait UIInterfaceOrientationPortraitUpsideDown UIInterfaceOrientationLandscapeLeft UIInterfaceOrientationLandscapeRight";
				INFOPLIST_KEY_UISupportedInterfaceOrientations_iPhone = "UIInterfaceOrientationPortrait UIInterfaceOrientationLandscapeLeft UIInterfaceOrientationLandscapeRight";
				LD_RUNPATH_SEARCH_PATHS = (
					"$(inherited)",
					"@executable_path/Frameworks",
				);
				MARKETING_VERSION = 1.0;
				PRODUCT_BUNDLE_IDENTIFIER = com.miempresa.MendozaSnapchat;
				PRODUCT_NAME = "$(TARGET_NAME)";
				SWIFT_EMIT_LOC_STRINGS = YES;
				SWIFT_VERSION = 5.0;
				TARGETED_DEVICE_FAMILY = "1,2";
			};
			name = Debug;
		};
		B7F080072BFBFBB6009DDC1F /* Release */ = {
			isa = XCBuildConfiguration;
			baseConfigurationReference = 8C9D96C62B22E690F520B8CC /* Pods-MendozaSnapchat.release.xcconfig */;
			buildSettings = {
				ASSETCATALOG_COMPILER_APPICON_NAME = AppIcon;
				ASSETCATALOG_COMPILER_GLOBAL_ACCENT_COLOR_NAME = AccentColor;
				CODE_SIGN_STYLE = Automatic;
				CURRENT_PROJECT_VERSION = 1;
				GENERATE_INFOPLIST_FILE = YES;
				INFOPLIST_FILE = MendozaSnapchat/Info.plist;
				INFOPLIST_KEY_UIApplicationSupportsIndirectInputEvents = YES;
				INFOPLIST_KEY_UILaunchStoryboardName = LaunchScreen;
				INFOPLIST_KEY_UIMainStoryboardFile = Main;
				INFOPLIST_KEY_UISupportedInterfaceOrientations_iPad = "UIInterfaceOrientationPortrait UIInterfaceOrientationPortraitUpsideDown UIInterfaceOrientationLandscapeLeft UIInterfaceOrientationLandscapeRight";
				INFOPLIST_KEY_UISupportedInterfaceOrientations_iPhone = "UIInterfaceOrientationPortrait UIInterfaceOrientationLandscapeLeft UIInterfaceOrientationLandscapeRight";
				LD_RUNPATH_SEARCH_PATHS = (
					"$(inherited)",
					"@executable_path/Frameworks",
				);
				MARKETING_VERSION = 1.0;
				PRODUCT_BUNDLE_IDENTIFIER = com.miempresa.MendozaSnapchat;
				PRODUCT_NAME = "$(TARGET_NAME)";
				SWIFT_EMIT_LOC_STRINGS = YES;
				SWIFT_VERSION = 5.0;
				TARGETED_DEVICE_FAMILY = "1,2";
			};
			name = Release;
		};
/* End XCBuildConfiguration section */

/* Begin XCConfigurationList section */
		B7F07FEC2BFBFBB4009DDC1F /* Build configuration list for PBXProject "MendozaSnapchat" */ = {
			isa = XCConfigurationList;
			buildConfigurations = (
				B7F080032BFBFBB6009DDC1F /* Debug */,
				B7F080042BFBFBB6009DDC1F /* Release */,
			);
			defaultConfigurationIsVisible = 0;
			defaultConfigurationName = Release;
		};
		B7F080052BFBFBB6009DDC1F /* Build configuration list for PBXNativeTarget "MendozaSnapchat" */ = {
			isa = XCConfigurationList;
			buildConfigurations = (
				B7F080062BFBFBB6009DDC1F /* Debug */,
				B7F080072BFBFBB6009DDC1F /* Release */,
			);
			defaultConfigurationIsVisible = 0;
			defaultConfigurationName = Release;
		};
/* End XCConfigurationList section */
	};
	rootObject = B7F07FE92BFBFBB4009DDC1F /* Project object */;
}
